
Microsoft Visual Studio Solution File, Format Version 12.00
# Visual Studio Version 17
VisualStudioVersion = 17.0.31903.59
MinimumVisualStudioVersion = 10.0.40219.1
Project("{2150E333-8FDC-42A3-9474-1A3956D46DE8}") = "src", "src", "{473A7D8C-3084-4632-904C-E055D236339B}"
EndProject
Project("{FAE04EC0-301F-11D3-BF4B-00C04F79EFBC}") = "Lou-Parslow.Blazor.Server.Demo", "src\Lou-Parslow.Blazor.Server.Demo\Lou-Parslow.Blazor.Server.Demo.csproj", "{B1CC04A3-BE54-431D-A1D2-2BD0B1777655}"
EndProject
Global
	GlobalSection(SolutionConfigurationPlatforms) = preSolution
		Debug|Any CPU = Debug|Any CPU
		Release|Any CPU = Release|Any CPU
	EndGlobalSection
	GlobalSection(SolutionProperties) = preSolution
		HideSolutionNode = FALSE
	EndGlobalSection
	GlobalSection(ProjectConfigurationPlatforms) = postSolution
		{B1CC04A3-BE54-431D-A1D2-2BD0B1777655}.Debug|Any CPU.ActiveCfg = Debug|Any CPU
		{B1CC04A3-BE54-431D-A1D2-2BD0B1777655}.Debug|Any CPU.Build.0 = Debug|Any CPU
		{B1CC04A3-BE54-431D-A1D2-2BD0B1777655}.Release|Any CPU.ActiveCfg = Release|Any CPU
		{B1CC04A3-BE54-431D-A1D2-2BD0B1777655}.Release|Any CPU.Build.0 = Release|Any CPU
	EndGlobalSection
	GlobalSection(NestedProjects) = preSolution
		{B1CC04A3-BE54-431D-A1D2-2BD0B1777655} = {473A7D8C-3084-4632-904C-E055D236339B}
	EndGlobalSection
EndGlobal
